Microsoft Visual Studio Solution File, Format Version 11.00
# Visual Studio 2008

Project("{2AF0460C-C509-4255-B45F-0A74F12E9DAA}") = "GemDriving", "Assembly-CSharp.csproj", "{4D4A8B69-0859-1C93-5993-D7830A3E1E19}"
EndProject
Project("{2AF0460C-C509-4255-B45F-0A74F12E9DAA}") = "GemDriving", "Assembly-CSharp-Editor.csproj", "{D3A7924D-97A0-5E81-0A26-C398EE2D3B8C}"
EndProject
Global
	GlobalSection(SolutionConfigurationPlatforms) = preSolution
		Debug|Any CPU = Debug|Any CPU
		Release|Any CPU = Release|Any CPU
	EndGlobalSection
	GlobalSection(ProjectConfigurationPlatforms) = postSolution
		{4D4A8B69-0859-1C93-5993-D7830A3E1E19}.Debug|Any CPU.ActiveCfg = Debug|Any CPU
		{4D4A8B69-0859-1C93-5993-D7830A3E1E19}.Debug|Any CPU.Build.0 = Debug|Any CPU
		{4D4A8B69-0859-1C93-5993-D7830A3E1E19}.Release|Any CPU.ActiveCfg = Release|Any CPU
		{4D4A8B69-0859-1C93-5993-D7830A3E1E19}.Release|Any CPU.Build.0 = Release|Any CPU
		{D3A7924D-97A0-5E81-0A26-C398EE2D3B8C}.Debug|Any CPU.ActiveCfg = Debug|Any CPU
		{D3A7924D-97A0-5E81-0A26-C398EE2D3B8C}.Debug|Any CPU.Build.0 = Debug|Any CPU
		{D3A7924D-97A0-5E81-0A26-C398EE2D3B8C}.Release|Any CPU.ActiveCfg = Release|Any CPU
		{D3A7924D-97A0-5E81-0A26-C398EE2D3B8C}.Release|Any CPU.Build.0 = Release|Any CPU
	EndGlobalSection
	GlobalSection(SolutionProperties) = preSolution
		HideSolutionNode = FALSE
	EndGlobalSection
	GlobalSection(MonoDevelopProperties) = preSolution
		StartupItem = Assembly-CSharp.csproj
	EndGlobalSection
EndGlobal
